
Microsoft Visual Studio Solution File, Format Version 12.00
# Visual Studio Version 16
VisualStudioVersion = 25.0.1706.6
MinimumVisualStudioVersion = 10.0.40219.1
Project("{FAE04EC0-301F-11D3-BF4B-00C04F79EFBC}") = "EjercicioAbstracción", "EjercicioAbstracción\EjercicioAbstracción.csproj", "{AC1F3A4A-4BBB-49A4-96ED-8F4D46D033B9}"
EndProject
Global
	GlobalSection(SolutionConfigurationPlatforms) = preSolution
		Debug|Any CPU = Debug|Any CPU
		Release|Any CPU = Release|Any CPU
	EndGlobalSection
	GlobalSection(ProjectConfigurationPlatforms) = postSolution
		{AC1F3A4A-4BBB-49A4-96ED-8F4D46D033B9}.Debug|Any CPU.ActiveCfg = Debug|Any CPU
		{AC1F3A4A-4BBB-49A4-96ED-8F4D46D033B9}.Debug|Any CPU.Build.0 = Debug|Any CPU
		{AC1F3A4A-4BBB-49A4-96ED-8F4D46D033B9}.Release|Any CPU.ActiveCfg = Release|Any CPU
		{AC1F3A4A-4BBB-49A4-96ED-8F4D46D033B9}.Release|Any CPU.Build.0 = Release|Any CPU
	EndGlobalSection
	GlobalSection(SolutionProperties) = preSolution
		HideSolutionNode = FALSE
	EndGlobalSection
	GlobalSection(ExtensibilityGlobals) = postSolution
		SolutionGuid = {847F6656-F1D8-44D6-950B-E00127E098B6}
	EndGlobalSection
EndGlobal
